# generated by rye
# use `rye lock` or `rye sync` to update this lockfile
#
# last locked with the following flags:
#   pre: false
#   features: []
#   all-features: false
#   with-sources: false

-e file:.
comtypes==1.4.1 ; platform_system == "Windows"
    # via econexg
netifaces==0.11.0
    # via econexg
numpy==1.26.4
    # via pyedflib
pyedflib==0.1.37
    # via econexg
pylsl==1.16.2
    # via econexg
pyserial==3.5
    # via econexg
pywifi==1.1.12 ; platform_system == "Windows"
    # via econexg
